
Microsoft Visual Studio Solution File, Format Version 12.00
# Visual Studio Version 17
VisualStudioVersion = 17.4.33213.308
MinimumVisualStudioVersion = 10.0.40219.1
Project("{FAE04EC0-301F-11D3-BF4B-00C04F79EFBC}") = "KarieraPlus", "KarieraPlus.csproj", "{8E6728C0-9E67-479E-AB00-17B17896BCC4}"
EndProject
Global
	GlobalSection(SolutionConfigurationPlatforms) = preSolution
		Debug|Any CPU = Debug|Any CPU
		Release|Any CPU = Release|Any CPU
	EndGlobalSection
	GlobalSection(ProjectConfigurationPlatforms) = postSolution
		{8E6728C0-9E67-479E-AB00-17B17896BCC4}.Debug|Any CPU.ActiveCfg = Debug|Any CPU
		{8E6728C0-9E67-479E-AB00-17B17896BCC4}.Debug|Any CPU.Build.0 = Debug|Any CPU
		{8E6728C0-9E67-479E-AB00-17B17896BCC4}.Release|Any CPU.ActiveCfg = Release|Any CPU
		{8E6728C0-9E67-479E-AB00-17B17896BCC4}.Release|Any CPU.Build.0 = Release|Any CPU
	EndGlobalSection
	GlobalSection(SolutionProperties) = preSolution
		HideSolutionNode = FALSE
	EndGlobalSection
	GlobalSection(ExtensibilityGlobals) = postSolution
		SolutionGuid = {61D4408F-FBB6-4F07-88E7-83E856048019}
	EndGlobalSection
EndGlobal
